// !$*UTF8*$!
{
	archiveVersion = 1;
	classes = {
	};
	objectVersion = 46;
	objects = {

/* Begin PBXBuildFile section */
		D486490014D080C400B78FE9 /* UIKit.framework in Frameworks */ = {isa = PBXBuildFile; fileRef = D48648FF14D080C400B78FE9 /* UIKit.framework */; };
		D486490214D080C400B78FE9 /* Foundation.framework in Frameworks */ = {isa = PBXBuildFile; fileRef = D486490114D080C400B78FE9 /* Foundation.framework */; };
		D486490414D080C400B78FE9 /* CoreGraphics.framework in Frameworks */ = {isa = PBXBuildFile; fileRef = D486490314D080C400B78FE9 /* CoreGraphics.framework */; };
		D486490A14D080C400B78FE9 /* InfoPlist.strings in Resources */ = {isa = PBXBuildFile; fileRef = D486490814D080C400B78FE9 /* InfoPlist.strings */; };
		D486490C14D080C400B78FE9 /* main.m in Sources */ = {isa = PBXBuildFile; fileRef = D486490B14D080C400B78FE9 /* main.m */; };
		D486491014D080C400B78FE9 /* AppDelegate.m in Sources */ = {isa = PBXBuildFile; fileRef = D486490F14D080C400B78FE9 /* AppDelegate.m */; };
		D486491B14D0812300B78FE9 /* CFNetwork.framework in Frameworks */ = {isa = PBXBuildFile; fileRef = D486491A14D0812300B78FE9 /* CFNetwork.framework */; };
		D486491E14D0813600B78FE9 /* libz.1.1.3.dylib in Frameworks */ = {isa = PBXBuildFile; fileRef = D486491D14D0813600B78FE9 /* libz.1.1.3.dylib */; };
		D486492114D0814600B78FE9 /* QuartzCore.framework in Frameworks */ = {isa = PBXBuildFile; fileRef = D486491F14D0814600B78FE9 /* QuartzCore.framework */; };
		D486492214D0814600B78FE9 /* Security.framework in Frameworks */ = {isa = PBXBuildFile; fileRef = D486492014D0814600B78FE9 /* Security.framework */; };
		D486492414D0815300B78FE9 /* AudioToolbox.framework in Frameworks */ = {isa = PBXBuildFile; fileRef = D486492314D0815300B78FE9 /* AudioToolbox.framework */; };
		D486492614D0816D00B78FE9 /* SystemConfiguration.framework in Frameworks */ = {isa = PBXBuildFile; fileRef = D486492514D0816D00B78FE9 /* SystemConfiguration.framework */; };
		D486492814D0817900B78FE9 /* MobileCoreServices.framework in Frameworks */ = {isa = PBXBuildFile; fileRef = D486492714D0817900B78FE9 /* MobileCoreServices.framework */; };
		D486493114D081F100B78FE9 /* Parse.framework in Frameworks */ = {isa = PBXBuildFile; fileRef = D486493014D081F100B78FE9 /* Parse.framework */; };
		D486493614D0820600B78FE9 /* BlogTableViewController.m in Sources */ = {isa = PBXBuildFile; fileRef = D486493314D0820600B78FE9 /* BlogTableViewController.m */; };
		D486493714D0820600B78FE9 /* NewPostViewController.m in Sources */ = {isa = PBXBuildFile; fileRef = D486493514D0820600B78FE9 /* NewPostViewController.m */; };
/* End PBXBuildFile section */

/* Begin PBXFileReference section */
		D48648FB14D080C400B78FE9 /* OneToManyTutorial.app */ = {isa = PBXFileReference; explicitFileType = wrapper.application; includeInIndex = 0; path = OneToManyTutorial.app; sourceTree = BUILT_PRODUCTS_DIR; };
		D48648FF14D080C400B78FE9 /* UIKit.framework */ = {isa = PBXFileReference; lastKnownFileType = wrapper.framework; name = UIKit.framework; path = System/Library/Frameworks/UIKit.framework; sourceTree = SDKROOT; };
		D486490114D080C400B78FE9 /* Foundation.framework */ = {isa = PBXFileReference; lastKnownFileType = wrapper.framework; name = Foundation.framework; path = System/Library/Frameworks/Foundation.framework; sourceTree = SDKROOT; };
		D486490314D080C400B78FE9 /* CoreGraphics.framework */ = {isa = PBXFileReference; lastKnownFileType = wrapper.framework; name = CoreGraphics.framework; path = System/Library/Frameworks/CoreGraphics.framework; sourceTree = SDKROOT; };
		D486490714D080C400B78FE9 /* OneToManyTutorial-Info.plist */ = {isa = PBXFileReference; lastKnownFileType = text.plist.xml; path = "OneToManyTutorial-Info.plist"; sourceTree = "<group>"; };
		D486490914D080C400B78FE9 /* en */ = {isa = PBXFileReference; lastKnownFileType = text.plist.strings; name = en; path = en.lproj/InfoPlist.strings; sourceTree = "<group>"; };
		D486490B14D080C400B78FE9 /* main.m */ = {isa = PBXFileReference; lastKnownFileType = sourcecode.c.objc; path = main.m; sourceTree = "<group>"; };
		D486490D14D080C400B78FE9 /* OneToManyTutorial-Prefix.pch */ = {isa = PBXFileReference; lastKnownFileType = sourcecode.c.h; path = "OneToManyTutorial-Prefix.pch"; sourceTree = "<group>"; };
		D486490E14D080C400B78FE9 /* AppDelegate.h */ = {isa = PBXFileReference; lastKnownFileType = sourcecode.c.h; path = AppDelegate.h; sourceTree = "<group>"; };
		D486490F14D080C400B78FE9 /* AppDelegate.m */ = {isa = PBXFileReference; lastKnownFileType = sourcecode.c.objc; path = AppDelegate.m; sourceTree = "<group>"; };
		D486491A14D0812300B78FE9 /* CFNetwork.framework */ = {isa = PBXFileReference; lastKnownFileType = wrapper.framework; name = CFNetwork.framework; path = System/Library/Frameworks/CFNetwork.framework; sourceTree = SDKROOT; };
		D486491D14D0813600B78FE9 /* libz.1.1.3.dylib */ = {isa = PBXFileReference; lastKnownFileType = "compiled.mach-o.dylib"; name = libz.1.1.3.dylib; path = usr/lib/libz.1.1.3.dylib; sourceTree = SDKROOT; };
		D486491F14D0814600B78FE9 /* QuartzCore.framework */ = {isa = PBXFileReference; lastKnownFileType = wrapper.framework; name = QuartzCore.framework; path = System/Library/Frameworks/QuartzCore.framework; sourceTree = SDKROOT; };
		D486492014D0814600B78FE9 /* Security.framework */ = {isa = PBXFileReference; lastKnownFileType = wrapper.framework; name = Security.framework; path = System/Library/Frameworks/Security.framework; sourceTree = SDKROOT; };
		D486492314D0815300B78FE9 /* AudioToolbox.framework */ = {isa = PBXFileReference; lastKnownFileType = wrapper.framework; name = AudioToolbox.framework; path = System/Library/Frameworks/AudioToolbox.framework; sourceTree = SDKROOT; };
		D486492514D0816D00B78FE9 /* SystemConfiguration.framework */ = {isa = PBXFileReference; lastKnownFileType = wrapper.framework; name = SystemConfiguration.framework; path = System/Library/Frameworks/SystemConfiguration.framework; sourceTree = SDKROOT; };
		D486492714D0817900B78FE9 /* MobileCoreServices.framework */ = {isa = PBXFileReference; lastKnownFileType = wrapper.framework; name = MobileCoreServices.framework; path = System/Library/Frameworks/MobileCoreServices.framework; sourceTree = SDKROOT; };
		D486493014D081F100B78FE9 /* Parse.framework */ = {isa = PBXFileReference; lastKnownFileType = wrapper.framework; path = Parse.framework; sourceTree = "<group>"; };
		D486493214D0820600B78FE9 /* BlogTableViewController.h */ = {isa = PBXFileReference; fileEncoding = 4; lastKnownFileType = sourcecode.c.h; path = BlogTableViewController.h; sourceTree = "<group>"; };
		D486493314D0820600B78FE9 /* BlogTableViewController.m */ = {isa = PBXFileReference; fileEncoding = 4; lastKnownFileType = sourcecode.c.objc; path = BlogTableViewController.m; sourceTree = "<group>"; };
		D486493414D0820600B78FE9 /* NewPostViewController.h */ = {isa = PBXFileReference; fileEncoding = 4; lastKnownFileType = sourcecode.c.h; path = NewPostViewController.h; sourceTree = "<group>"; };
		D486493514D0820600B78FE9 /* NewPostViewController.m */ = {isa = PBXFileReference; fileEncoding = 4; lastKnownFileType = sourcecode.c.objc; path = NewPostViewController.m; sourceTree = "<group>"; };
/* End PBXFileReference section */

/* Begin PBXFrameworksBuildPhase section */
		D48648F814D080C400B78FE9 /* Frameworks */ = {
			isa = PBXFrameworksBuildPhase;
			buildActionMask = 2147483647;
			files = (
				D486492814D0817900B78FE9 /* MobileCoreServices.framework in Frameworks */,
				D486492614D0816D00B78FE9 /* SystemConfiguration.framework in Frameworks */,
				D486492414D0815300B78FE9 /* AudioToolbox.framework in Frameworks */,
				D486492114D0814600B78FE9 /* QuartzCore.framework in Frameworks */,
				D486492214D0814600B78FE9 /* Security.framework in Frameworks */,
				D486491E14D0813600B78FE9 /* libz.1.1.3.dylib in Frameworks */,
				D486491B14D0812300B78FE9 /* CFNetwork.framework in Frameworks */,
				D486490014D080C400B78FE9 /* UIKit.framework in Frameworks */,
				D486490214D080C400B78FE9 /* Foundation.framework in Frameworks */,
				D486490414D080C400B78FE9 /* CoreGraphics.framework in Frameworks */,
				D486493114D081F100B78FE9 /* Parse.framework in Frameworks */,
			);
			runOnlyForDeploymentPostprocessing = 0;
		};
/* End PBXFrameworksBuildPhase section */

/* Begin PBXGroup section */
		D48648F014D080C400B78FE9 = {
			isa = PBXGroup;
			children = (
				D486490514D080C400B78FE9 /* OneToManyTutorial */,
				D48648FE14D080C400B78FE9 /* Frameworks */,
				D48648FC14D080C400B78FE9 /* Products */,
			);
			sourceTree = "<group>";
		};
		D48648FC14D080C400B78FE9 /* Products */ = {
			isa = PBXGroup;
			children = (
				D48648FB14D080C400B78FE9 /* OneToManyTutorial.app */,
			);
			name = Products;
			sourceTree = "<group>";
		};
		D48648FE14D080C400B78FE9 /* Frameworks */ = {
			isa = PBXGroup;
			children = (
				D486493014D081F100B78FE9 /* Parse.framework */,
				D486492714D0817900B78FE9 /* MobileCoreServices.framework */,
				D486492514D0816D00B78FE9 /* SystemConfiguration.framework */,
				D486492314D0815300B78FE9 /* AudioToolbox.framework */,
				D486491F14D0814600B78FE9 /* QuartzCore.framework */,
				D486492014D0814600B78FE9 /* Security.framework */,
				D486491D14D0813600B78FE9 /* libz.1.1.3.dylib */,
				D486491A14D0812300B78FE9 /* CFNetwork.framework */,
				D48648FF14D080C400B78FE9 /* UIKit.framework */,
				D486490114D080C400B78FE9 /* Foundation.framework */,
				D486490314D080C400B78FE9 /* CoreGraphics.framework */,
			);
			name = Frameworks;
			sourceTree = "<group>";
		};
		D486490514D080C400B78FE9 /* OneToManyTutorial */ = {
			isa = PBXGroup;
			children = (
				D486490E14D080C400B78FE9 /* AppDelegate.h */,
				D486490F14D080C400B78FE9 /* AppDelegate.m */,
				D486493214D0820600B78FE9 /* BlogTableViewController.h */,
				D486493314D0820600B78FE9 /* BlogTableViewController.m */,
				D486493414D0820600B78FE9 /* NewPostViewController.h */,
				D486493514D0820600B78FE9 /* NewPostViewController.m */,
				D486490614D080C400B78FE9 /* Supporting Files */,
			);
			path = OneToManyTutorial;
			sourceTree = "<group>";
		};
		D486490614D080C400B78FE9 /* Supporting Files */ = {
			isa = PBXGroup;
			children = (
				D486490714D080C400B78FE9 /* OneToManyTutorial-Info.plist */,
				D486490814D080C400B78FE9 /* InfoPlist.strings */,
				D486490B14D080C400B78FE9 /* main.m */,
				D486490D14D080C400B78FE9 /* OneToManyTutorial-Prefix.pch */,
			);
			name = "Supporting Files";
			sourceTree = "<group>";
		};
/* End PBXGroup section */

/* Begin PBXNativeTarget section */
		D48648FA14D080C400B78FE9 /* OneToManyTutorial */ = {
			isa = PBXNativeTarget;
			buildConfigurationList = D486491314D080C400B78FE9 /* Build configuration list for PBXNativeTarget "OneToManyTutorial" */;
			buildPhases = (
				D48648F714D080C400B78FE9 /* Sources */,
				D48648F814D080C400B78FE9 /* Frameworks */,
				D48648F914D080C400B78FE9 /* Resources */,
			);
			buildRules = (
			);
			dependencies = (
			);
			name = OneToManyTutorial;
			productName = OneToManyTutorial;
			productReference = D48648FB14D080C400B78FE9 /* OneToManyTutorial.app */;
			productType = "com.apple.product-type.application";
		};
/* End PBXNativeTarget section */

/* Begin PBXProject section */
		D48648F214D080C400B78FE9 /* Project object */ = {
			isa = PBXProject;
			attributes = {
				LastUpgradeCheck = 0420;
			};
			buildConfigurationList = D48648F514D080C400B78FE9 /* Build configuration list for PBXProject "OneToManyTutorial" */;
			compatibilityVersion = "Xcode 3.2";
			developmentRegion = English;
			hasScannedForEncodings = 0;
			knownRegions = (
				en,
			);
			mainGroup = D48648F014D080C400B78FE9;
			productRefGroup = D48648FC14D080C400B78FE9 /* Products */;
			projectDirPath = "";
			projectRoot = "";
			targets = (
				D48648FA14D080C400B78FE9 /* OneToManyTutorial */,
			);
		};
/* End PBXProject section */

/* Begin PBXResourcesBuildPhase section */
		D48648F914D080C400B78FE9 /* Resources */ = {
			isa = PBXResourcesBuildPhase;
			buildActionMask = 2147483647;
			files = (
				D486490A14D080C400B78FE9 /* InfoPlist.strings in Resources */,
			);
			runOnlyForDeploymentPostprocessing = 0;
		};
/* End PBXResourcesBuildPhase section */

/* Begin PBXSourcesBuildPhase section */
		D48648F714D080C400B78FE9 /* Sources */ = {
			isa = PBXSourcesBuildPhase;
			buildActionMask = 2147483647;
			files = (
				D486490C14D080C400B78FE9 /* main.m in Sources */,
				D486491014D080C400B78FE9 /* AppDelegate.m in Sources */,
				D486493614D0820600B78FE9 /* BlogTableViewController.m in Sources */,
				D486493714D0820600B78FE9 /* NewPostViewController.m in Sources */,
			);
			runOnlyForDeploymentPostprocessing = 0;
		};
/* End PBXSourcesBuildPhase section */

/* Begin PBXVariantGroup section */
		D486490814D080C400B78FE9 /* InfoPlist.strings */ = {
			isa = PBXVariantGroup;
			children = (
				D486490914D080C400B78FE9 /* en */,
			);
			name = InfoPlist.strings;
			sourceTree = "<group>";
		};
/* End PBXVariantGroup section */

/* Begin XCBuildConfiguration section */
		D486491114D080C400B78FE9 /* Debug */ = {
			isa = XCBuildConfiguration;
			buildSettings = {
				ALWAYS_SEARCH_USER_PATHS = NO;
				ARCHS = "$(ARCHS_STANDARD_32_BIT)";
				CLANG_ENABLE_OBJC_ARC = YES;
				"CODE_SIGN_IDENTITY[sdk=iphoneos*]" = "iPhone Developer";
				COPY_PHASE_STRIP = NO;
				GCC_C_LANGUAGE_STANDARD = gnu99;
				GCC_DYNAMIC_NO_PIC = NO;
				GCC_OPTIMIZATION_LEVEL = 0;
				GCC_PREPROCESSOR_DEFINITIONS = (
					"DEBUG=1",
					"$(inherited)",
				);
				GCC_SYMBOLS_PRIVATE_EXTERN = NO;
				GCC_VERSION = com.apple.compilers.llvm.clang.1_0;
				GCC_WARN_ABOUT_MISSING_PROTOTYPES = YES;
				GCC_WARN_ABOUT_RETURN_TYPE = YES;
				GCC_WARN_UNUSED_VARIABLE = YES;
				IPHONEOS_DEPLOYMENT_TARGET = 5.0;
				SDKROOT = iphoneos;
			};
			name = Debug;
		};
		D486491214D080C400B78FE9 /* Release */ = {
			isa = XCBuildConfiguration;
			buildSettings = {
				ALWAYS_SEARCH_USER_PATHS = NO;
				ARCHS = "$(ARCHS_STANDARD_32_BIT)";
				CLANG_ENABLE_OBJC_ARC = YES;
				"CODE_SIGN_IDENTITY[sdk=iphoneos*]" = "iPhone Developer";
				COPY_PHASE_STRIP = YES;
				GCC_C_LANGUAGE_STANDARD = gnu99;
				GCC_VERSION = com.apple.compilers.llvm.clang.1_0;
				GCC_WARN_ABOUT_MISSING_PROTOTYPES = YES;
				GCC_WARN_ABOUT_RETURN_TYPE = YES;
				GCC_WARN_UNUSED_VARIABLE = YES;
				IPHONEOS_DEPLOYMENT_TARGET = 5.0;
				OTHER_CFLAGS = "-DNS_BLOCK_ASSERTIONS=1";
				SDKROOT = iphoneos;
				VALIDATE_PRODUCT = YES;
			};
			name = Release;
		};
		D486491414D080C400B78FE9 /* Debug */ = {
			isa = XCBuildConfiguration;
			buildSettings = {
				FRAMEWORK_SEARCH_PATHS = (
					"$(inherited)",
					"\"$(SRCROOT)\"",
				);
				GCC_PRECOMPILE_PREFIX_HEADER = YES;
				GCC_PREFIX_HEADER = "OneToManyTutorial/OneToManyTutorial-Prefix.pch";
				INFOPLIST_FILE = "OneToManyTutorial/OneToManyTutorial-Info.plist";
				PRODUCT_NAME = "$(TARGET_NAME)";
				WRAPPER_EXTENSION = app;
			};
			name = Debug;
		};
		D486491514D080C400B78FE9 /* Release */ = {
			isa = XCBuildConfiguration;
			buildSettings = {
				FRAMEWORK_SEARCH_PATHS = (
					"$(inherited)",
					"\"$(SRCROOT)\"",
				);
				GCC_PRECOMPILE_PREFIX_HEADER = YES;
				GCC_PREFIX_HEADER = "OneToManyTutorial/OneToManyTutorial-Prefix.pch";
				INFOPLIST_FILE = "OneToManyTutorial/OneToManyTutorial-Info.plist";
				PRODUCT_NAME = "$(TARGET_NAME)";
				WRAPPER_EXTENSION = app;
			};
			name = Release;
		};
/* End XCBuildConfiguration section */

/* Begin XCConfigurationList section */
		D48648F514D080C400B78FE9 /* Build configuration list for PBXProject "OneToManyTutorial" */ = {
			isa = XCConfigurationList;
			buildConfigurations = (
				D486491114D080C400B78FE9 /* Debug */,
				D486491214D080C400B78FE9 /* Release */,
			);
			defaultConfigurationIsVisible = 0;
			defaultConfigurationName = Release;
		};
		D486491314D080C400B78FE9 /* Build configuration list for PBXNativeTarget "OneToManyTutorial" */ = {
			isa = XCConfigurationList;
			buildConfigurations = (
				D486491414D080C400B78FE9 /* Debug */,
				D486491514D080C400B78FE9 /* Release */,
			);
			defaultConfigurationIsVisible = 0;
			defaultConfigurationName = Release;
		};
/* End XCConfigurationList section */
	};
	rootObject = D48648F214D080C400B78FE9 /* Project object */;
}
